
Microsoft Visual Studio Solution File, Format Version 12.00
# Visual Studio Version 17
VisualStudioVersion = 17.13.35913.81
MinimumVisualStudioVersion = 10.0.40219.1
Project("{FAE04EC0-301F-11D3-BF4B-00C04F79EFBC}") = "blazor_profile", "blazor_profile\blazor_profile.csproj", "{9C5E29BE-F45C-4A96-A86D-BC94A3A1E39A}"
EndProject
Global
	GlobalSection(SolutionConfigurationPlatforms) = preSolution
		Debug|Any CPU = Debug|Any CPU
		Release|Any CPU = Release|Any CPU
	EndGlobalSection
	GlobalSection(ProjectConfigurationPlatforms) = postSolution
		{9C5E29BE-F45C-4A96-A86D-BC94A3A1E39A}.Debug|Any CPU.ActiveCfg = Debug|Any CPU
		{9C5E29BE-F45C-4A96-A86D-BC94A3A1E39A}.Debug|Any CPU.Build.0 = Debug|Any CPU
		{9C5E29BE-F45C-4A96-A86D-BC94A3A1E39A}.Release|Any CPU.ActiveCfg = Release|Any CPU
		{9C5E29BE-F45C-4A96-A86D-BC94A3A1E39A}.Release|Any CPU.Build.0 = Release|Any CPU
	EndGlobalSection
	GlobalSection(SolutionProperties) = preSolution
		HideSolutionNode = FALSE
	EndGlobalSection
	GlobalSection(ExtensibilityGlobals) = postSolution
		SolutionGuid = {8F880C2A-0620-4356-A2D6-ECC3B82272D2}
	EndGlobalSection
EndGlobal
